
Microsoft Visual Studio Solution File, Format Version 12.00
# Visual Studio Version 17
VisualStudioVersion = 17.8.34511.84
MinimumVisualStudioVersion = 10.0.40219.1
Project("{8BC9CEB8-8B4A-11D0-8D11-00A0C91BC942}") = "HW14-QuestionsOfProj1-edited", "HW14-QuestionsOfProj1-edited\HW14-QuestionsOfProj1-edited.vcxproj", "{9CF776DB-F4BB-4579-B9B2-804C4127B24B}"
EndProject
Global
	GlobalSection(SolutionConfigurationPlatforms) = preSolution
		Debug|x64 = Debug|x64
		Debug|x86 = Debug|x86
		Release|x64 = Release|x64
		Release|x86 = Release|x86
	EndGlobalSection
	GlobalSection(ProjectConfigurationPlatforms) = postSolution
		{9CF776DB-F4BB-4579-B9B2-804C4127B24B}.Debug|x64.ActiveCfg = Debug|x64
		{9CF776DB-F4BB-4579-B9B2-804C4127B24B}.Debug|x64.Build.0 = Debug|x64
		{9CF776DB-F4BB-4579-B9B2-804C4127B24B}.Debug|x86.ActiveCfg = Debug|Win32
		{9CF776DB-F4BB-4579-B9B2-804C4127B24B}.Debug|x86.Build.0 = Debug|Win32
		{9CF776DB-F4BB-4579-B9B2-804C4127B24B}.Release|x64.ActiveCfg = Release|x64
		{9CF776DB-F4BB-4579-B9B2-804C4127B24B}.Release|x64.Build.0 = Release|x64
		{9CF776DB-F4BB-4579-B9B2-804C4127B24B}.Release|x86.ActiveCfg = Release|Win32
		{9CF776DB-F4BB-4579-B9B2-804C4127B24B}.Release|x86.Build.0 = Release|Win32
	EndGlobalSection
	GlobalSection(SolutionProperties) = preSolution
		HideSolutionNode = FALSE
	EndGlobalSection
	GlobalSection(ExtensibilityGlobals) = postSolution
		SolutionGuid = {E25894A0-901F-4826-BD20-810E9A78A576}
	EndGlobalSection
EndGlobal
