
Microsoft Visual Studio Solution File, Format Version 12.00
# Visual Studio Version 17
VisualStudioVersion = 17.8.34511.84
MinimumVisualStudioVersion = 10.0.40219.1
Project("{8BC9CEB8-8B4A-11D0-8D11-00A0C91BC942}") = "HW11-Q1-ENUMS", "HW11-Q1-ENUMS\HW11-Q1-ENUMS.vcxproj", "{147B689E-FC1D-492F-840D-E77DDFF4E896}"
EndProject
Global
	GlobalSection(SolutionConfigurationPlatforms) = preSolution
		Debug|x64 = Debug|x64
		Debug|x86 = Debug|x86
		Release|x64 = Release|x64
		Release|x86 = Release|x86
	EndGlobalSection
	GlobalSection(ProjectConfigurationPlatforms) = postSolution
		{147B689E-FC1D-492F-840D-E77DDFF4E896}.Debug|x64.ActiveCfg = Debug|x64
		{147B689E-FC1D-492F-840D-E77DDFF4E896}.Debug|x64.Build.0 = Debug|x64
		{147B689E-FC1D-492F-840D-E77DDFF4E896}.Debug|x86.ActiveCfg = Debug|Win32
		{147B689E-FC1D-492F-840D-E77DDFF4E896}.Debug|x86.Build.0 = Debug|Win32
		{147B689E-FC1D-492F-840D-E77DDFF4E896}.Release|x64.ActiveCfg = Release|x64
		{147B689E-FC1D-492F-840D-E77DDFF4E896}.Release|x64.Build.0 = Release|x64
		{147B689E-FC1D-492F-840D-E77DDFF4E896}.Release|x86.ActiveCfg = Release|Win32
		{147B689E-FC1D-492F-840D-E77DDFF4E896}.Release|x86.Build.0 = Release|Win32
	EndGlobalSection
	GlobalSection(SolutionProperties) = preSolution
		HideSolutionNode = FALSE
	EndGlobalSection
	GlobalSection(ExtensibilityGlobals) = postSolution
		SolutionGuid = {2B2ACD9E-8854-4EEB-BEDF-8EE2351D2AA6}
	EndGlobalSection
EndGlobal
