
Microsoft Visual Studio Solution File, Format Version 12.00
# Visual Studio Version 17
VisualStudioVersion = 17.8.34511.84
MinimumVisualStudioVersion = 10.0.40219.1
Project("{8BC9CEB8-8B4A-11D0-8D11-00A0C91BC942}") = "Problem32-PowerOfM", "Problem32-PowerOfM\Problem32-PowerOfM.vcxproj", "{CF69482B-40DB-4C27-B075-20CD83FE2349}"
EndProject
Global
	GlobalSection(SolutionConfigurationPlatforms) = preSolution
		Debug|x64 = Debug|x64
		Debug|x86 = Debug|x86
		Release|x64 = Release|x64
		Release|x86 = Release|x86
	EndGlobalSection
	GlobalSection(ProjectConfigurationPlatforms) = postSolution
		{CF69482B-40DB-4C27-B075-20CD83FE2349}.Debug|x64.ActiveCfg = Debug|x64
		{CF69482B-40DB-4C27-B075-20CD83FE2349}.Debug|x64.Build.0 = Debug|x64
		{CF69482B-40DB-4C27-B075-20CD83FE2349}.Debug|x86.ActiveCfg = Debug|Win32
		{CF69482B-40DB-4C27-B075-20CD83FE2349}.Debug|x86.Build.0 = Debug|Win32
		{CF69482B-40DB-4C27-B075-20CD83FE2349}.Release|x64.ActiveCfg = Release|x64
		{CF69482B-40DB-4C27-B075-20CD83FE2349}.Release|x64.Build.0 = Release|x64
		{CF69482B-40DB-4C27-B075-20CD83FE2349}.Release|x86.ActiveCfg = Release|Win32
		{CF69482B-40DB-4C27-B075-20CD83FE2349}.Release|x86.Build.0 = Release|Win32
	EndGlobalSection
	GlobalSection(SolutionProperties) = preSolution
		HideSolutionNode = FALSE
	EndGlobalSection
	GlobalSection(ExtensibilityGlobals) = postSolution
		SolutionGuid = {63435857-6C88-44CB-9678-06CF536E0C0A}
	EndGlobalSection
EndGlobal
