
Microsoft Visual Studio Solution File, Format Version 12.00
# Visual Studio Version 17
VisualStudioVersion = 17.8.34511.84
MinimumVisualStudioVersion = 10.0.40219.1
Project("{8BC9CEB8-8B4A-11D0-8D11-00A0C91BC942}") = "Problem25-ReadUntilAgeBetween18and45", "Problem25-ReadUntilAgeBetween18and45\Problem25-ReadUntilAgeBetween18and45.vcxproj", "{28C8E654-E112-41AB-B59F-B06E96370958}"
EndProject
Global
	GlobalSection(SolutionConfigurationPlatforms) = preSolution
		Debug|x64 = Debug|x64
		Debug|x86 = Debug|x86
		Release|x64 = Release|x64
		Release|x86 = Release|x86
	EndGlobalSection
	GlobalSection(ProjectConfigurationPlatforms) = postSolution
		{28C8E654-E112-41AB-B59F-B06E96370958}.Debug|x64.ActiveCfg = Debug|x64
		{28C8E654-E112-41AB-B59F-B06E96370958}.Debug|x64.Build.0 = Debug|x64
		{28C8E654-E112-41AB-B59F-B06E96370958}.Debug|x86.ActiveCfg = Debug|Win32
		{28C8E654-E112-41AB-B59F-B06E96370958}.Debug|x86.Build.0 = Debug|Win32
		{28C8E654-E112-41AB-B59F-B06E96370958}.Release|x64.ActiveCfg = Release|x64
		{28C8E654-E112-41AB-B59F-B06E96370958}.Release|x64.Build.0 = Release|x64
		{28C8E654-E112-41AB-B59F-B06E96370958}.Release|x86.ActiveCfg = Release|Win32
		{28C8E654-E112-41AB-B59F-B06E96370958}.Release|x86.Build.0 = Release|Win32
	EndGlobalSection
	GlobalSection(SolutionProperties) = preSolution
		HideSolutionNode = FALSE
	EndGlobalSection
	GlobalSection(ExtensibilityGlobals) = postSolution
		SolutionGuid = {60BE00C6-0972-4B60-9CCD-6E9C4B8977E8}
	EndGlobalSection
EndGlobal
